// !$*UTF8*$!
{
	archiveVersion = 1;
	classes = {
	};
	objectVersion = 55;
	objects = {

/* Begin PBXBuildFile section */
		AE5B21042739728D00C3F580 /* Search.storyboard in Resources */ = {isa = PBXBuildFile; fileRef = AE5B21032739728D00C3F580 /* Search.storyboard */; };
		AE5B21062739729D00C3F580 /* SearchViewController.swift in Sources */ = {isa = PBXBuildFile; fileRef = AE5B21052739729D00C3F580 /* SearchViewController.swift */; };
		AE78DB9A273D9B3800EAA275 /* Label +Extension.swift in Sources */ = {isa = PBXBuildFile; fileRef = AE78DB99273D9B3800EAA275 /* Label +Extension.swift */; };
		AE91B64D27410BE100C2E0F1 /* Zip in Frameworks */ = {isa = PBXBuildFile; productRef = AE91B64C27410BE100C2E0F1 /* Zip */; };
		AE987882273AB2E3003050F9 /* ChangeMemo.storyboard in Resources */ = {isa = PBXBuildFile; fileRef = AE987881273AB2E3003050F9 /* ChangeMemo.storyboard */; };
		AE987884273AB300003050F9 /* ChangeMemoViewController.swift in Sources */ = {isa = PBXBuildFile; fileRef = AE987883273AB300003050F9 /* ChangeMemoViewController.swift */; };
		AEA3A0A1273E35AC00260BD3 /* Popup.storyboard in Resources */ = {isa = PBXBuildFile; fileRef = AEA3A0A0273E35AC00260BD3 /* Popup.storyboard */; };
		AEA3A0A3273E3A7900260BD3 /* PopupViewController.swift in Sources */ = {isa = PBXBuildFile; fileRef = AEA3A0A2273E3A7900260BD3 /* PopupViewController.swift */; };
		AEA48FC6273E0C6B00F8AED1 /* Alert+Extension.swift in Sources */ = {isa = PBXBuildFile; fileRef = AEA48FC5273E0C6B00F8AED1 /* Alert+Extension.swift */; };
		AEA746C1273A375600AD2C9D /* Realm in Frameworks */ = {isa = PBXBuildFile; productRef = AEA746C0273A375600AD2C9D /* Realm */; };
		AEA746C3273A375600AD2C9D /* RealmSwift in Frameworks */ = {isa = PBXBuildFile; productRef = AEA746C2273A375600AD2C9D /* RealmSwift */; };
		AEA746C5273A377000AD2C9D /* RealmModel.swift in Sources */ = {isa = PBXBuildFile; fileRef = AEA746C4273A377000AD2C9D /* RealmModel.swift */; };
		AEC51781273BAA16005E6CF3 /* Result.storyboard in Resources */ = {isa = PBXBuildFile; fileRef = AEC51780273BAA16005E6CF3 /* Result.storyboard */; };
		AEC51785273BAC1D005E6CF3 /* ResultViewController.swift in Sources */ = {isa = PBXBuildFile; fileRef = AEC51784273BAC1D005E6CF3 /* ResultViewController.swift */; };
		AEFC75E22738F4DA005849CF /* AppDelegate.swift in Sources */ = {isa = PBXBuildFile; fileRef = AEFC75E12738F4DA005849CF /* AppDelegate.swift */; };
		AEFC75E42738F4DA005849CF /* SceneDelegate.swift in Sources */ = {isa = PBXBuildFile; fileRef = AEFC75E32738F4DA005849CF /* SceneDelegate.swift */; };
		AEFC75E62738F4DA005849CF /* ViewController.swift in Sources */ = {isa = PBXBuildFile; fileRef = AEFC75E52738F4DA005849CF /* ViewController.swift */; };
		AEFC75E92738F4DA005849CF /* Main.storyboard in Resources */ = {isa = PBXBuildFile; fileRef = AEFC75E72738F4DA005849CF /* Main.storyboard */; };
		AEFC75EB2738F4DE005849CF /* Assets.xcassets in Resources */ = {isa = PBXBuildFile; fileRef = AEFC75EA2738F4DE005849CF /* Assets.xcassets */; };
		AEFC75EE2738F4DF005849CF /* LaunchScreen.storyboard in Resources */ = {isa = PBXBuildFile; fileRef = AEFC75EC2738F4DF005849CF /* LaunchScreen.storyboard */; };
		AEFC75F62738F63E005849CF /* MemoList.storyboard in Resources */ = {isa = PBXBuildFile; fileRef = AEFC75F52738F63E005849CF /* MemoList.storyboard */; };
		AEFC75F82738F654005849CF /* MemoListViewController.swift in Sources */ = {isa = PBXBuildFile; fileRef = AEFC75F72738F654005849CF /* MemoListViewController.swift */; };
		AEFC75FF2738F833005849CF /* MemoTableViewCell.swift in Sources */ = {isa = PBXBuildFile; fileRef = AEFC75FD2738F833005849CF /* MemoTableViewCell.swift */; };
		AEFC76002738F833005849CF /* MemoTableViewCell.xib in Resources */ = {isa = PBXBuildFile; fileRef = AEFC75FE2738F833005849CF /* MemoTableViewCell.xib */; };
		AEFC760227391424005849CF /* Memo.storyboard in Resources */ = {isa = PBXBuildFile; fileRef = AEFC760127391424005849CF /* Memo.storyboard */; };
		AEFC7605273914FA005849CF /* MemoViewController.swift in Sources */ = {isa = PBXBuildFile; fileRef = AEFC7604273914FA005849CF /* MemoViewController.swift */; };
/* End PBXBuildFile section */

/* Begin PBXFileReference section */
		AE5B21032739728D00C3F580 /* Search.storyboard */ = {isa = PBXFileReference; lastKnownFileType = file.storyboard; path = Search.storyboard; sourceTree = "<group>"; };
		AE5B21052739729D00C3F580 /* SearchViewController.swift */ = {isa = PBXFileReference; lastKnownFileType = sourcecode.swift; path = SearchViewController.swift; sourceTree = "<group>"; };
		AE78DB99273D9B3800EAA275 /* Label +Extension.swift */ = {isa = PBXFileReference; lastKnownFileType = sourcecode.swift; path = "Label +Extension.swift"; sourceTree = "<group>"; };
		AE987881273AB2E3003050F9 /* ChangeMemo.storyboard */ = {isa = PBXFileReference; lastKnownFileType = file.storyboard; path = ChangeMemo.storyboard; sourceTree = "<group>"; };
		AE987883273AB300003050F9 /* ChangeMemoViewController.swift */ = {isa = PBXFileReference; lastKnownFileType = sourcecode.swift; path = ChangeMemoViewController.swift; sourceTree = "<group>"; };
		AEA3A0A0273E35AC00260BD3 /* Popup.storyboard */ = {isa = PBXFileReference; lastKnownFileType = file.storyboard; path = Popup.storyboard; sourceTree = "<group>"; };
		AEA3A0A2273E3A7900260BD3 /* PopupViewController.swift */ = {isa = PBXFileReference; lastKnownFileType = sourcecode.swift; path = PopupViewController.swift; sourceTree = "<group>"; };
		AEA48FC5273E0C6B00F8AED1 /* Alert+Extension.swift */ = {isa = PBXFileReference; lastKnownFileType = sourcecode.swift; path = "Alert+Extension.swift"; sourceTree = "<group>"; };
		AEA746C4273A377000AD2C9D /* RealmModel.swift */ = {isa = PBXFileReference; lastKnownFileType = sourcecode.swift; path = RealmModel.swift; sourceTree = "<group>"; };
		AEC51780273BAA16005E6CF3 /* Result.storyboard */ = {isa = PBXFileReference; lastKnownFileType = file.storyboard; path = Result.storyboard; sourceTree = "<group>"; };
		AEC51784273BAC1D005E6CF3 /* ResultViewController.swift */ = {isa = PBXFileReference; lastKnownFileType = sourcecode.swift; path = ResultViewController.swift; sourceTree = "<group>"; };
		AEFC75DE2738F4DA005849CF /* Assignment2.app */ = {isa = PBXFileReference; explicitFileType = wrapper.application; includeInIndex = 0; path = Assignment2.app; sourceTree = BUILT_PRODUCTS_DIR; };
		AEFC75E12738F4DA005849CF /* AppDelegate.swift */ = {isa = PBXFileReference; lastKnownFileType = sourcecode.swift; path = AppDelegate.swift; sourceTree = "<group>"; };
		AEFC75E32738F4DA005849CF /* SceneDelegate.swift */ = {isa = PBXFileReference; lastKnownFileType = sourcecode.swift; path = SceneDelegate.swift; sourceTree = "<group>"; };
		AEFC75E52738F4DA005849CF /* ViewController.swift */ = {isa = PBXFileReference; lastKnownFileType = sourcecode.swift; path = ViewController.swift; sourceTree = "<group>"; };
		AEFC75E82738F4DA005849CF /* Base */ = {isa = PBXFileReference; lastKnownFileType = file.storyboard; name = Base; path = Base.lproj/Main.storyboard; sourceTree = "<group>"; };
		AEFC75EA2738F4DE005849CF /* Assets.xcassets */ = {isa = PBXFileReference; lastKnownFileType = folder.assetcatalog; path = Assets.xcassets; sourceTree = "<group>"; };
		AEFC75ED2738F4DF005849CF /* Base */ = {isa = PBXFileReference; lastKnownFileType = file.storyboard; name = Base; path = Base.lproj/LaunchScreen.storyboard; sourceTree = "<group>"; };
		AEFC75EF2738F4DF005849CF /* Info.plist */ = {isa = PBXFileReference; lastKnownFileType = text.plist.xml; path = Info.plist; sourceTree = "<group>"; };
		AEFC75F52738F63E005849CF /* MemoList.storyboard */ = {isa = PBXFileReference; lastKnownFileType = file.storyboard; path = MemoList.storyboard; sourceTree = "<group>"; };
		AEFC75F72738F654005849CF /* MemoListViewController.swift */ = {isa = PBXFileReference; lastKnownFileType = sourcecode.swift; path = MemoListViewController.swift; sourceTree = "<group>"; };
		AEFC75FD2738F833005849CF /* MemoTableViewCell.swift */ = {isa = PBXFileReference; lastKnownFileType = sourcecode.swift; path = MemoTableViewCell.swift; sourceTree = "<group>"; };
		AEFC75FE2738F833005849CF /* MemoTableViewCell.xib */ = {isa = PBXFileReference; lastKnownFileType = file.xib; path = MemoTableViewCell.xib; sourceTree = "<group>"; };
		AEFC760127391424005849CF /* Memo.storyboard */ = {isa = PBXFileReference; lastKnownFileType = file.storyboard; path = Memo.storyboard; sourceTree = "<group>"; };
		AEFC7604273914FA005849CF /* MemoViewController.swift */ = {isa = PBXFileReference; lastKnownFileType = sourcecode.swift; path = MemoViewController.swift; sourceTree = "<group>"; };
/* End PBXFileReference section */

/* Begin PBXFrameworksBuildPhase section */
		AEFC75DB2738F4DA005849CF /* Frameworks */ = {
			isa = PBXFrameworksBuildPhase;
			buildActionMask = 2147483647;
			files = (
				AE91B64D27410BE100C2E0F1 /* Zip in Frameworks */,
				AEA746C3273A375600AD2C9D /* RealmSwift in Frameworks */,
				AEA746C1273A375600AD2C9D /* Realm in Frameworks */,
			);
			runOnlyForDeploymentPostprocessing = 0;
		};
/* End PBXFrameworksBuildPhase section */

/* Begin PBXGroup section */
		AE3E9C8A273E5C8000BB3A0A /* Popup */ = {
			isa = PBXGroup;
			children = (
				AEA3A0A2273E3A7900260BD3 /* PopupViewController.swift */,
				AEA3A0A0273E35AC00260BD3 /* Popup.storyboard */,
			);
			path = Popup;
			sourceTree = "<group>";
		};
		AE5B21072739731700C3F580 /* MemoView */ = {
			isa = PBXGroup;
			children = (
				AEFC760127391424005849CF /* Memo.storyboard */,
				AEFC7604273914FA005849CF /* MemoViewController.swift */,
			);
			path = MemoView;
			sourceTree = "<group>";
		};
		AE5B21082739734E00C3F580 /* SearchView */ = {
			isa = PBXGroup;
			children = (
				AE5B21032739728D00C3F580 /* Search.storyboard */,
				AE5B21052739729D00C3F580 /* SearchViewController.swift */,
			);
			path = SearchView;
			sourceTree = "<group>";
		};
		AE5B21092739737C00C3F580 /* default */ = {
			isa = PBXGroup;
			children = (
				AEFC75E12738F4DA005849CF /* AppDelegate.swift */,
				AEFC75E52738F4DA005849CF /* ViewController.swift */,
				AEFC75E32738F4DA005849CF /* SceneDelegate.swift */,
			);
			path = default;
			sourceTree = "<group>";
		};
		AEA3A09F273E343400260BD3 /* Extension */ = {
			isa = PBXGroup;
			children = (
				AEA48FC5273E0C6B00F8AED1 /* Alert+Extension.swift */,
				AE78DB99273D9B3800EAA275 /* Label +Extension.swift */,
			);
			path = Extension;
			sourceTree = "<group>";
		};
		AEA746B9273A35A100AD2C9D /* Realm */ = {
			isa = PBXGroup;
			children = (
				AEA746C4273A377000AD2C9D /* RealmModel.swift */,
			);
			path = Realm;
			sourceTree = "<group>";
		};
		AEC51782273BABC6005E6CF3 /* Change */ = {
			isa = PBXGroup;
			children = (
				AE987883273AB300003050F9 /* ChangeMemoViewController.swift */,
				AE987881273AB2E3003050F9 /* ChangeMemo.storyboard */,
			);
			path = Change;
			sourceTree = "<group>";
		};
		AEC51783273BABDB005E6CF3 /* Table */ = {
			isa = PBXGroup;
			children = (
				AEFC75FE2738F833005849CF /* MemoTableViewCell.xib */,
				AEFC75FD2738F833005849CF /* MemoTableViewCell.swift */,
			);
			path = Table;
			sourceTree = "<group>";
		};
		AEFC75D52738F4DA005849CF = {
			isa = PBXGroup;
			children = (
				AEFC75E02738F4DA005849CF /* Assignment2 */,
				AEFC75DF2738F4DA005849CF /* Products */,
			);
			sourceTree = "<group>";
		};
		AEFC75DF2738F4DA005849CF /* Products */ = {
			isa = PBXGroup;
			children = (
				AEFC75DE2738F4DA005849CF /* Assignment2.app */,
			);
			name = Products;
			sourceTree = "<group>";
		};
		AEFC75E02738F4DA005849CF /* Assignment2 */ = {
			isa = PBXGroup;
			children = (
				AE5B21092739737C00C3F580 /* default */,
				AEFC75E72738F4DA005849CF /* Main.storyboard */,
				AEFC75EC2738F4DF005849CF /* LaunchScreen.storyboard */,
				AEFC75EA2738F4DE005849CF /* Assets.xcassets */,
				AEFC75EF2738F4DF005849CF /* Info.plist */,
				AEA746B9273A35A100AD2C9D /* Realm */,
				AEC51783273BABDB005E6CF3 /* Table */,
				AEFC760327391439005849CF /* MemoList */,
				AE5B21072739731700C3F580 /* MemoView */,
				AE5B21082739734E00C3F580 /* SearchView */,
				AEC51782273BABC6005E6CF3 /* Change */,
				AEC51780273BAA16005E6CF3 /* Result.storyboard */,
				AEC51784273BAC1D005E6CF3 /* ResultViewController.swift */,
				AEA3A09F273E343400260BD3 /* Extension */,
				AE3E9C8A273E5C8000BB3A0A /* Popup */,
			);
			path = Assignment2;
			sourceTree = "<group>";
		};
		AEFC760327391439005849CF /* MemoList */ = {
			isa = PBXGroup;
			children = (
				AEFC75F52738F63E005849CF /* MemoList.storyboard */,
				AEFC75F72738F654005849CF /* MemoListViewController.swift */,
			);
			path = MemoList;
			sourceTree = "<group>";
		};
/* End PBXGroup section */

/* Begin PBXNativeTarget section */
		AEFC75DD2738F4DA005849CF /* Assignment2 */ = {
			isa = PBXNativeTarget;
			buildConfigurationList = AEFC75F22738F4DF005849CF /* Build configuration list for PBXNativeTarget "Assignment2" */;
			buildPhases = (
				AEFC75DA2738F4DA005849CF /* Sources */,
				AEFC75DB2738F4DA005849CF /* Frameworks */,
				AEFC75DC2738F4DA005849CF /* Resources */,
			);
			buildRules = (
			);
			dependencies = (
			);
			name = Assignment2;
			packageProductDependencies = (
				AEA746C0273A375600AD2C9D /* Realm */,
				AEA746C2273A375600AD2C9D /* RealmSwift */,
				AE91B64C27410BE100C2E0F1 /* Zip */,
			);
			productName = Assignment2;
			productReference = AEFC75DE2738F4DA005849CF /* Assignment2.app */;
			productType = "com.apple.product-type.application";
		};
/* End PBXNativeTarget section */

/* Begin PBXProject section */
		AEFC75D62738F4DA005849CF /* Project object */ = {
			isa = PBXProject;
			attributes = {
				BuildIndependentTargetsInParallel = 1;
				LastSwiftUpdateCheck = 1300;
				LastUpgradeCheck = 1300;
				TargetAttributes = {
					AEFC75DD2738F4DA005849CF = {
						CreatedOnToolsVersion = 13.0;
					};
				};
			};
			buildConfigurationList = AEFC75D92738F4DA005849CF /* Build configuration list for PBXProject "Assignment2" */;
			compatibilityVersion = "Xcode 13.0";
			developmentRegion = en;
			hasScannedForEncodings = 0;
			knownRegions = (
				en,
				Base,
			);
			mainGroup = AEFC75D52738F4DA005849CF;
			packageReferences = (
				AEA746BF273A375600AD2C9D /* XCRemoteSwiftPackageReference "realm-cocoa" */,
				AE91B64B27410BE000C2E0F1 /* XCRemoteSwiftPackageReference "Zip" */,
			);
			productRefGroup = AEFC75DF2738F4DA005849CF /* Products */;
			projectDirPath = "";
			projectRoot = "";
			targets = (
				AEFC75DD2738F4DA005849CF /* Assignment2 */,
			);
		};
/* End PBXProject section */

/* Begin PBXResourcesBuildPhase section */
		AEFC75DC2738F4DA005849CF /* Resources */ = {
			isa = PBXResourcesBuildPhase;
			buildActionMask = 2147483647;
			files = (
				AEFC760227391424005849CF /* Memo.storyboard in Resources */,
				AEC51781273BAA16005E6CF3 /* Result.storyboard in Resources */,
				AE987882273AB2E3003050F9 /* ChangeMemo.storyboard in Resources */,
				AEFC75F62738F63E005849CF /* MemoList.storyboard in Resources */,
				AEFC75EE2738F4DF005849CF /* LaunchScreen.storyboard in Resources */,
				AEFC75EB2738F4DE005849CF /* Assets.xcassets in Resources */,
				AE5B21042739728D00C3F580 /* Search.storyboard in Resources */,
				AEFC75E92738F4DA005849CF /* Main.storyboard in Resources */,
				AEFC76002738F833005849CF /* MemoTableViewCell.xib in Resources */,
				AEA3A0A1273E35AC00260BD3 /* Popup.storyboard in Resources */,
			);
			runOnlyForDeploymentPostprocessing = 0;
		};
/* End PBXResourcesBuildPhase section */

/* Begin PBXSourcesBuildPhase section */
		AEFC75DA2738F4DA005849CF /* Sources */ = {
			isa = PBXSourcesBuildPhase;
			buildActionMask = 2147483647;
			files = (
				AE78DB9A273D9B3800EAA275 /* Label +Extension.swift in Sources */,
				AE987884273AB300003050F9 /* ChangeMemoViewController.swift in Sources */,
				AEFC75FF2738F833005849CF /* MemoTableViewCell.swift in Sources */,
				AE5B21062739729D00C3F580 /* SearchViewController.swift in Sources */,
				AEA48FC6273E0C6B00F8AED1 /* Alert+Extension.swift in Sources */,
				AEFC75F82738F654005849CF /* MemoListViewController.swift in Sources */,
				AEFC7605273914FA005849CF /* MemoViewController.swift in Sources */,
				AEC51785273BAC1D005E6CF3 /* ResultViewController.swift in Sources */,
				AEFC75E62738F4DA005849CF /* ViewController.swift in Sources */,
				AEA746C5273A377000AD2C9D /* RealmModel.swift in Sources */,
				AEFC75E22738F4DA005849CF /* AppDelegate.swift in Sources */,
				AEFC75E42738F4DA005849CF /* SceneDelegate.swift in Sources */,
				AEA3A0A3273E3A7900260BD3 /* PopupViewController.swift in Sources */,
			);
			runOnlyForDeploymentPostprocessing = 0;
		};
/* End PBXSourcesBuildPhase section */

/* Begin PBXVariantGroup section */
		AEFC75E72738F4DA005849CF /* Main.storyboard */ = {
			isa = PBXVariantGroup;
			children = (
				AEFC75E82738F4DA005849CF /* Base */,
			);
			name = Main.storyboard;
			sourceTree = "<group>";
		};
		AEFC75EC2738F4DF005849CF /* LaunchScreen.storyboard */ = {
			isa = PBXVariantGroup;
			children = (
				AEFC75ED2738F4DF005849CF /* Base */,
			);
			name = LaunchScreen.storyboard;
			sourceTree = "<group>";
		};
/* End PBXVariantGroup section */

/* Begin XCBuildConfiguration section */
		AEFC75F02738F4DF005849CF /* Debug */ = {
			isa = XCBuildConfiguration;
			buildSettings = {
				ALWAYS_SEARCH_USER_PATHS = NO;
				CLANG_ANALYZER_NONNULL = YES;
				CLANG_ANALYZER_NUMBER_OBJECT_CONVERSION = YES_AGGRESSIVE;
				CLANG_CXX_LANGUAGE_STANDARD = "gnu++17";
				CLANG_CXX_LIBRARY = "libc++";
				CLANG_ENABLE_MODULES = YES;
				CLANG_ENABLE_OBJC_ARC = YES;
				CLANG_ENABLE_OBJC_WEAK = YES;
				CLANG_WARN_BLOCK_CAPTURE_AUTORELEASING = YES;
				CLANG_WARN_BOOL_CONVERSION = YES;
				CLANG_WARN_COMMA = YES;
				CLANG_WARN_CONSTANT_CONVERSION = YES;
				CLANG_WARN_DEPRECATED_OBJC_IMPLEMENTATIONS = YES;
				CLANG_WARN_DIRECT_OBJC_ISA_USAGE = YES_ERROR;
				CLANG_WARN_DOCUMENTATION_COMMENTS = YES;
				CLANG_WARN_EMPTY_BODY = YES;
				CLANG_WARN_ENUM_CONVERSION = YES;
				CLANG_WARN_INFINITE_RECURSION = YES;
				CLANG_WARN_INT_CONVERSION = YES;
				CLANG_WARN_NON_LITERAL_NULL_CONVERSION = YES;
				CLANG_WARN_OBJC_IMPLICIT_RETAIN_SELF = YES;
				CLANG_WARN_OBJC_LITERAL_CONVERSION = YES;
				CLANG_WARN_OBJC_ROOT_CLASS = YES_ERROR;
				CLANG_WARN_QUOTED_INCLUDE_IN_FRAMEWORK_HEADER = YES;
				CLANG_WARN_RANGE_LOOP_ANALYSIS = YES;
				CLANG_WARN_STRICT_PROTOTYPES = YES;
				CLANG_WARN_SUSPICIOUS_MOVE = YES;
				CLANG_WARN_UNGUARDED_AVAILABILITY = YES_AGGRESSIVE;
				CLANG_WARN_UNREACHABLE_CODE = YES;
				CLANG_WARN__DUPLICATE_METHOD_MATCH = YES;
				COPY_PHASE_STRIP = NO;
				DEBUG_INFORMATION_FORMAT = dwarf;
				ENABLE_STRICT_OBJC_MSGSEND = YES;
				ENABLE_TESTABILITY = YES;
				GCC_C_LANGUAGE_STANDARD = gnu11;
				GCC_DYNAMIC_NO_PIC = NO;
				GCC_NO_COMMON_BLOCKS = YES;
				GCC_OPTIMIZATION_LEVEL = 0;
				GCC_PREPROCESSOR_DEFINITIONS = (
					"DEBUG=1",
					"$(inherited)",
				);
				GCC_WARN_64_TO_32_BIT_CONVERSION = YES;
				GCC_WARN_ABOUT_RETURN_TYPE = YES_ERROR;
				GCC_WARN_UNDECLARED_SELECTOR = YES;
				GCC_WARN_UNINITIALIZED_AUTOS = YES_AGGRESSIVE;
				GCC_WARN_UNUSED_FUNCTION = YES;
				GCC_WARN_UNUSED_VARIABLE = YES;
				IPHONEOS_DEPLOYMENT_TARGET = 15.0;
				MTL_ENABLE_DEBUG_INFO = INCLUDE_SOURCE;
				MTL_FAST_MATH = YES;
				ONLY_ACTIVE_ARCH = YES;
				SDKROOT = iphoneos;
				SWIFT_ACTIVE_COMPILATION_CONDITIONS = DEBUG;
				SWIFT_OPTIMIZATION_LEVEL = "-Onone";
			};
			name = Debug;
		};
		AEFC75F12738F4DF005849CF /* Release */ = {
			isa = XCBuildConfiguration;
			buildSettings = {
				ALWAYS_SEARCH_USER_PATHS = NO;
				CLANG_ANALYZER_NONNULL = YES;
				CLANG_ANALYZER_NUMBER_OBJECT_CONVERSION = YES_AGGRESSIVE;
				CLANG_CXX_LANGUAGE_STANDARD = "gnu++17";
				CLANG_CXX_LIBRARY = "libc++";
				CLANG_ENABLE_MODULES = YES;
				CLANG_ENABLE_OBJC_ARC = YES;
				CLANG_ENABLE_OBJC_WEAK = YES;
				CLANG_WARN_BLOCK_CAPTURE_AUTORELEASING = YES;
				CLANG_WARN_BOOL_CONVERSION = YES;
				CLANG_WARN_COMMA = YES;
				CLANG_WARN_CONSTANT_CONVERSION = YES;
				CLANG_WARN_DEPRECATED_OBJC_IMPLEMENTATIONS = YES;
				CLANG_WARN_DIRECT_OBJC_ISA_USAGE = YES_ERROR;
				CLANG_WARN_DOCUMENTATION_COMMENTS = YES;
				CLANG_WARN_EMPTY_BODY = YES;
				CLANG_WARN_ENUM_CONVERSION = YES;
				CLANG_WARN_INFINITE_RECURSION = YES;
				CLANG_WARN_INT_CONVERSION = YES;
				CLANG_WARN_NON_LITERAL_NULL_CONVERSION = YES;
				CLANG_WARN_OBJC_IMPLICIT_RETAIN_SELF = YES;
				CLANG_WARN_OBJC_LITERAL_CONVERSION = YES;
				CLANG_WARN_OBJC_ROOT_CLASS = YES_ERROR;
				CLANG_WARN_QUOTED_INCLUDE_IN_FRAMEWORK_HEADER = YES;
				CLANG_WARN_RANGE_LOOP_ANALYSIS = YES;
				CLANG_WARN_STRICT_PROTOTYPES = YES;
				CLANG_WARN_SUSPICIOUS_MOVE = YES;
				CLANG_WARN_UNGUARDED_AVAILABILITY = YES_AGGRESSIVE;
				CLANG_WARN_UNREACHABLE_CODE = YES;
				CLANG_WARN__DUPLICATE_METHOD_MATCH = YES;
				COPY_PHASE_STRIP = NO;
				DEBUG_INFORMATION_FORMAT = "dwarf-with-dsym";
				ENABLE_NS_ASSERTIONS = NO;
				ENABLE_STRICT_OBJC_MSGSEND = YES;
				GCC_C_LANGUAGE_STANDARD = gnu11;
				GCC_NO_COMMON_BLOCKS = YES;
				GCC_WARN_64_TO_32_BIT_CONVERSION = YES;
				GCC_WARN_ABOUT_RETURN_TYPE = YES_ERROR;
				GCC_WARN_UNDECLARED_SELECTOR = YES;
				GCC_WARN_UNINITIALIZED_AUTOS = YES_AGGRESSIVE;
				GCC_WARN_UNUSED_FUNCTION = YES;
				GCC_WARN_UNUSED_VARIABLE = YES;
				IPHONEOS_DEPLOYMENT_TARGET = 15.0;
				MTL_ENABLE_DEBUG_INFO = NO;
				MTL_FAST_MATH = YES;
				SDKROOT = iphoneos;
				SWIFT_COMPILATION_MODE = wholemodule;
				SWIFT_OPTIMIZATION_LEVEL = "-O";
				VALIDATE_PRODUCT = YES;
			};
			name = Release;
		};
		AEFC75F32738F4DF005849CF /* Debug */ = {
			isa = XCBuildConfiguration;
			buildSettings = {
				ASSETCATALOG_COMPILER_APPICON_NAME = AppIcon;
				ASSETCATALOG_COMPILER_GLOBAL_ACCENT_COLOR_NAME = AccentColor;
				CODE_SIGN_STYLE = Automatic;
				CURRENT_PROJECT_VERSION = 1;
				DEVELOPMENT_TEAM = W4HDX5XCG8;
				GENERATE_INFOPLIST_FILE = YES;
				INFOPLIST_FILE = Assignment2/Info.plist;
				INFOPLIST_KEY_UIApplicationSupportsIndirectInputEvents = YES;
				INFOPLIST_KEY_UILaunchStoryboardName = LaunchScreen;
				INFOPLIST_KEY_UIMainStoryboardFile = Main;
				INFOPLIST_KEY_UISupportedInterfaceOrientations_iPad = "UIInterfaceOrientationPortrait UIInterfaceOrientationPortraitUpsideDown UIInterfaceOrientationLandscapeLeft UIInterfaceOrientationLandscapeRight";
				INFOPLIST_KEY_UISupportedInterfaceOrientations_iPhone = "UIInterfaceOrientationPortrait UIInterfaceOrientationLandscapeLeft UIInterfaceOrientationLandscapeRight";
				IPHONEOS_DEPLOYMENT_TARGET = 13.0;
				LD_RUNPATH_SEARCH_PATHS = (
					"$(inherited)",
					"@executable_path/Frameworks",
				);
				MARKETING_VERSION = 1.0;
				PRODUCT_BUNDLE_IDENTIFIER = com.sangwonshin.Assignment2;
				PRODUCT_NAME = "$(TARGET_NAME)";
				SWIFT_EMIT_LOC_STRINGS = YES;
				SWIFT_VERSION = 5.0;
				TARGETED_DEVICE_FAMILY = 1;
			};
			name = Debug;
		};
		AEFC75F42738F4DF005849CF /* Release */ = {
			isa = XCBuildConfiguration;
			buildSettings = {
				ASSETCATALOG_COMPILER_APPICON_NAME = AppIcon;
				ASSETCATALOG_COMPILER_GLOBAL_ACCENT_COLOR_NAME = AccentColor;
				CODE_SIGN_STYLE = Automatic;
				CURRENT_PROJECT_VERSION = 1;
				DEVELOPMENT_TEAM = W4HDX5XCG8;
				GENERATE_INFOPLIST_FILE = YES;
				INFOPLIST_FILE = Assignment2/Info.plist;
				INFOPLIST_KEY_UIApplicationSupportsIndirectInputEvents = YES;
				INFOPLIST_KEY_UILaunchStoryboardName = LaunchScreen;
				INFOPLIST_KEY_UIMainStoryboardFile = Main;
				INFOPLIST_KEY_UISupportedInterfaceOrientations_iPad = "UIInterfaceOrientationPortrait UIInterfaceOrientationPortraitUpsideDown UIInterfaceOrientationLandscapeLeft UIInterfaceOrientationLandscapeRight";
				INFOPLIST_KEY_UISupportedInterfaceOrientations_iPhone = "UIInterfaceOrientationPortrait UIInterfaceOrientationLandscapeLeft UIInterfaceOrientationLandscapeRight";
				IPHONEOS_DEPLOYMENT_TARGET = 13.0;
				LD_RUNPATH_SEARCH_PATHS = (
					"$(inherited)",
					"@executable_path/Frameworks",
				);
				MARKETING_VERSION = 1.0;
				PRODUCT_BUNDLE_IDENTIFIER = com.sangwonshin.Assignment2;
				PRODUCT_NAME = "$(TARGET_NAME)";
				SWIFT_EMIT_LOC_STRINGS = YES;
				SWIFT_VERSION = 5.0;
				TARGETED_DEVICE_FAMILY = 1;
			};
			name = Release;
		};
/* End XCBuildConfiguration section */

/* Begin XCConfigurationList section */
		AEFC75D92738F4DA005849CF /* Build configuration list for PBXProject "Assignment2" */ = {
			isa = XCConfigurationList;
			buildConfigurations = (
				AEFC75F02738F4DF005849CF /* Debug */,
				AEFC75F12738F4DF005849CF /* Release */,
			);
			defaultConfigurationIsVisible = 0;
			defaultConfigurationName = Release;
		};
		AEFC75F22738F4DF005849CF /* Build configuration list for PBXNativeTarget "Assignment2" */ = {
			isa = XCConfigurationList;
			buildConfigurations = (
				AEFC75F32738F4DF005849CF /* Debug */,
				AEFC75F42738F4DF005849CF /* Release */,
			);
			defaultConfigurationIsVisible = 0;
			defaultConfigurationName = Release;
		};
/* End XCConfigurationList section */

/* Begin XCRemoteSwiftPackageReference section */
		AE91B64B27410BE000C2E0F1 /* XCRemoteSwiftPackageReference "Zip" */ = {
			isa = XCRemoteSwiftPackageReference;
			repositoryURL = "https://github.com/marmelroy/Zip.git";
			requirement = {
				kind = upToNextMajorVersion;
				minimumVersion = 2.0.0;
			};
		};
		AEA746BF273A375600AD2C9D /* XCRemoteSwiftPackageReference "realm-cocoa" */ = {
			isa = XCRemoteSwiftPackageReference;
			repositoryURL = "https://github.com/realm/realm-cocoa.git";
			requirement = {
				kind = exactVersion;
				version = 10.18.0;
			};
		};
/* End XCRemoteSwiftPackageReference section */

/* Begin XCSwiftPackageProductDependency section */
		AE91B64C27410BE100C2E0F1 /* Zip */ = {
			isa = XCSwiftPackageProductDependency;
			package = AE91B64B27410BE000C2E0F1 /* XCRemoteSwiftPackageReference "Zip" */;
			productName = Zip;
		};
		AEA746C0273A375600AD2C9D /* Realm */ = {
			isa = XCSwiftPackageProductDependency;
			package = AEA746BF273A375600AD2C9D /* XCRemoteSwiftPackageReference "realm-cocoa" */;
			productName = Realm;
		};
		AEA746C2273A375600AD2C9D /* RealmSwift */ = {
			isa = XCSwiftPackageProductDependency;
			package = AEA746BF273A375600AD2C9D /* XCRemoteSwiftPackageReference "realm-cocoa" */;
			productName = RealmSwift;
		};
/* End XCSwiftPackageProductDependency section */
	};
	rootObject = AEFC75D62738F4DA005849CF /* Project object */;
}
